// !$*UTF8*$!
{
	archiveVersion = 1;
	classes = {
	};
	objectVersion = 46;
	objects = {

/* Begin PBXBuildFile section */
		A8E47DFA19C9683F00F00D4A /* Foundation.framework in Frameworks */ = {isa = PBXBuildFile; fileRef = A8E47DF919C9683F00F00D4A /* Foundation.framework */; };
		A8E47DFC19C9683F00F00D4A /* CoreGraphics.framework in Frameworks */ = {isa = PBXBuildFile; fileRef = A8E47DFB19C9683F00F00D4A /* CoreGraphics.framework */; };
		A8E47DFE19C9683F00F00D4A /* UIKit.framework in Frameworks */ = {isa = PBXBuildFile; fileRef = A8E47DFD19C9683F00F00D4A /* UIKit.framework */; };
		A8E47E0419C9683F00F00D4A /* InfoPlist.strings in Resources */ = {isa = PBXBuildFile; fileRef = A8E47E0219C9683F00F00D4A /* InfoPlist.strings */; };
		A8E47E0619C9683F00F00D4A /* main.m in Sources */ = {isa = PBXBuildFile; fileRef = A8E47E0519C9683F00F00D4A /* main.m */; };
		A8E47E0A19C9683F00F00D4A /* AppDelegate.m in Sources */ = {isa = PBXBuildFile; fileRef = A8E47E0919C9683F00F00D4A /* AppDelegate.m */; };
		A8E47E0D19C9683F00F00D4A /* Main_iPhone.storyboard in Resources */ = {isa = PBXBuildFile; fileRef = A8E47E0B19C9683F00F00D4A /* Main_iPhone.storyboard */; };
		A8E47E1019C9683F00F00D4A /* Main_iPad.storyboard in Resources */ = {isa = PBXBuildFile; fileRef = A8E47E0E19C9683F00F00D4A /* Main_iPad.storyboard */; };
		A8E47E1519C9683F00F00D4A /* Images.xcassets in Resources */ = {isa = PBXBuildFile; fileRef = A8E47E1419C9683F00F00D4A /* Images.xcassets */; };
		A8E47E1C19C9683F00F00D4A /* XCTest.framework in Frameworks */ = {isa = PBXBuildFile; fileRef = A8E47E1B19C9683F00F00D4A /* XCTest.framework */; };
		A8E47E1D19C9683F00F00D4A /* Foundation.framework in Frameworks */ = {isa = PBXBuildFile; fileRef = A8E47DF919C9683F00F00D4A /* Foundation.framework */; };
		A8E47E1E19C9683F00F00D4A /* UIKit.framework in Frameworks */ = {isa = PBXBuildFile; fileRef = A8E47DFD19C9683F00F00D4A /* UIKit.framework */; };
		A8E47E2619C9683F00F00D4A /* InfoPlist.strings in Resources */ = {isa = PBXBuildFile; fileRef = A8E47E2419C9683F00F00D4A /* InfoPlist.strings */; };
		A8E47E2819C9683F00F00D4A /* TransactionsTests.m in Sources */ = {isa = PBXBuildFile; fileRef = A8E47E2719C9683F00F00D4A /* TransactionsTests.m */; };
		A8E47E3319C96A8E00F00D4A /* transactionsViewController.m in Sources */ = {isa = PBXBuildFile; fileRef = A8E47E3219C96A8E00F00D4A /* transactionsViewController.m */; };
		A8E47E3619C96C5900F00D4A /* addTransactionViewController.m in Sources */ = {isa = PBXBuildFile; fileRef = A8E47E3519C96C5900F00D4A /* addTransactionViewController.m */; };
/* End PBXBuildFile section */

/* Begin PBXContainerItemProxy section */
		A8E47E1F19C9683F00F00D4A /* PBXContainerItemProxy */ = {
			isa = PBXContainerItemProxy;
			containerPortal = A8E47DEE19C9683F00F00D4A /* Project object */;
			proxyType = 1;
			remoteGlobalIDString = A8E47DF519C9683F00F00D4A;
			remoteInfo = Transactions;
		};
/* End PBXContainerItemProxy section */

/* Begin PBXFileReference section */
		A8E47DF619C9683F00F00D4A /* Transactions.app */ = {isa = PBXFileReference; explicitFileType = wrapper.application; includeInIndex = 0; path = Transactions.app; sourceTree = BUILT_PRODUCTS_DIR; };
		A8E47DF919C9683F00F00D4A /* Foundation.framework */ = {isa = PBXFileReference; lastKnownFileType = wrapper.framework; name = Foundation.framework; path = System/Library/Frameworks/Foundation.framework; sourceTree = SDKROOT; };
		A8E47DFB19C9683F00F00D4A /* CoreGraphics.framework */ = {isa = PBXFileReference; lastKnownFileType = wrapper.framework; name = CoreGraphics.framework; path = System/Library/Frameworks/CoreGraphics.framework; sourceTree = SDKROOT; };
		A8E47DFD19C9683F00F00D4A /* UIKit.framework */ = {isa = PBXFileReference; lastKnownFileType = wrapper.framework; name = UIKit.framework; path = System/Library/Frameworks/UIKit.framework; sourceTree = SDKROOT; };
		A8E47E0119C9683F00F00D4A /* Transactions-Info.plist */ = {isa = PBXFileReference; lastKnownFileType = text.plist.xml; path = "Transactions-Info.plist"; sourceTree = "<group>"; };
		A8E47E0319C9683F00F00D4A /* en */ = {isa = PBXFileReference; lastKnownFileType = text.plist.strings; name = en; path = en.lproj/InfoPlist.strings; sourceTree = "<group>"; };
		A8E47E0519C9683F00F00D4A /* main.m */ = {isa = PBXFileReference; lastKnownFileType = sourcecode.c.objc; path = main.m; sourceTree = "<group>"; };
		A8E47E0719C9683F00F00D4A /* Transactions-Prefix.pch */ = {isa = PBXFileReference; lastKnownFileType = sourcecode.c.h; path = "Transactions-Prefix.pch"; sourceTree = "<group>"; };
		A8E47E0819C9683F00F00D4A /* AppDelegate.h */ = {isa = PBXFileReference; lastKnownFileType = sourcecode.c.h; path = AppDelegate.h; sourceTree = "<group>"; };
		A8E47E0919C9683F00F00D4A /* AppDelegate.m */ = {isa = PBXFileReference; lastKnownFileType = sourcecode.c.objc; path = AppDelegate.m; sourceTree = "<group>"; };
		A8E47E0C19C9683F00F00D4A /* Base */ = {isa = PBXFileReference; lastKnownFileType = file.storyboard; name = Base; path = Base.lproj/Main_iPhone.storyboard; sourceTree = "<group>"; };
		A8E47E0F19C9683F00F00D4A /* Base */ = {isa = PBXFileReference; lastKnownFileType = file.storyboard; name = Base; path = Base.lproj/Main_iPad.storyboard; sourceTree = "<group>"; };
		A8E47E1419C9683F00F00D4A /* Images.xcassets */ = {isa = PBXFileReference; lastKnownFileType = folder.assetcatalog; path = Images.xcassets; sourceTree = "<group>"; };
		A8E47E1A19C9683F00F00D4A /* TransactionsTests.xctest */ = {isa = PBXFileReference; explicitFileType = wrapper.cfbundle; includeInIndex = 0; path = TransactionsTests.xctest; sourceTree = BUILT_PRODUCTS_DIR; };
		A8E47E1B19C9683F00F00D4A /* XCTest.framework */ = {isa = PBXFileReference; lastKnownFileType = wrapper.framework; name = XCTest.framework; path = Library/Frameworks/XCTest.framework; sourceTree = DEVELOPER_DIR; };
		A8E47E2319C9683F00F00D4A /* TransactionsTests-Info.plist */ = {isa = PBXFileReference; lastKnownFileType = text.plist.xml; path = "TransactionsTests-Info.plist"; sourceTree = "<group>"; };
		A8E47E2519C9683F00F00D4A /* en */ = {isa = PBXFileReference; lastKnownFileType = text.plist.strings; name = en; path = en.lproj/InfoPlist.strings; sourceTree = "<group>"; };
		A8E47E2719C9683F00F00D4A /* TransactionsTests.m */ = {isa = PBXFileReference; lastKnownFileType = sourcecode.c.objc; path = TransactionsTests.m; sourceTree = "<group>"; };
		A8E47E3119C96A8E00F00D4A /* transactionsViewController.h */ = {isa = PBXFileReference; fileEncoding = 4; lastKnownFileType = sourcecode.c.h; path = transactionsViewController.h; sourceTree = "<group>"; };
		A8E47E3219C96A8E00F00D4A /* transactionsViewController.m */ = {isa = PBXFileReference; fileEncoding = 4; lastKnownFileType = sourcecode.c.objc; path = transactionsViewController.m; sourceTree = "<group>"; };
		A8E47E3419C96C5900F00D4A /* addTransactionViewController.h */ = {isa = PBXFileReference; fileEncoding = 4; lastKnownFileType = sourcecode.c.h; name = addTransactionViewController.h; path = ../addTransactionViewController.h; sourceTree = "<group>"; };
		A8E47E3519C96C5900F00D4A /* addTransactionViewController.m */ = {isa = PBXFileReference; fileEncoding = 4; lastKnownFileType = sourcecode.c.objc; name = addTransactionViewController.m; path = ../addTransactionViewController.m; sourceTree = "<group>"; };
/* End PBXFileReference section */

/* Begin PBXFrameworksBuildPhase section */
		A8E47DF319C9683F00F00D4A /* Frameworks */ = {
			isa = PBXFrameworksBuildPhase;
			buildActionMask = 2147483647;
			files = (
				A8E47DFC19C9683F00F00D4A /* CoreGraphics.framework in Frameworks */,
				A8E47DFE19C9683F00F00D4A /* UIKit.framework in Frameworks */,
				A8E47DFA19C9683F00F00D4A /* Foundation.framework in Frameworks */,
			);
			runOnlyForDeploymentPostprocessing = 0;
		};
		A8E47E1719C9683F00F00D4A /* Frameworks */ = {
			isa = PBXFrameworksBuildPhase;
			buildActionMask = 2147483647;
			files = (
				A8E47E1C19C9683F00F00D4A /* XCTest.framework in Frameworks */,
				A8E47E1E19C9683F00F00D4A /* UIKit.framework in Frameworks */,
				A8E47E1D19C9683F00F00D4A /* Foundation.framework in Frameworks */,
			);
			runOnlyForDeploymentPostprocessing = 0;
		};
/* End PBXFrameworksBuildPhase section */

/* Begin PBXGroup section */
		A8E47DED19C9683F00F00D4A = {
			isa = PBXGroup;
			children = (
				A8E47DFF19C9683F00F00D4A /* Transactions */,
				A8E47E2119C9683F00F00D4A /* TransactionsTests */,
				A8E47DF819C9683F00F00D4A /* Frameworks */,
				A8E47DF719C9683F00F00D4A /* Products */,
			);
			sourceTree = "<group>";
		};
		A8E47DF719C9683F00F00D4A /* Products */ = {
			isa = PBXGroup;
			children = (
				A8E47DF619C9683F00F00D4A /* Transactions.app */,
				A8E47E1A19C9683F00F00D4A /* TransactionsTests.xctest */,
			);
			name = Products;
			sourceTree = "<group>";
		};
		A8E47DF819C9683F00F00D4A /* Frameworks */ = {
			isa = PBXGroup;
			children = (
				A8E47DF919C9683F00F00D4A /* Foundation.framework */,
				A8E47DFB19C9683F00F00D4A /* CoreGraphics.framework */,
				A8E47DFD19C9683F00F00D4A /* UIKit.framework */,
				A8E47E1B19C9683F00F00D4A /* XCTest.framework */,
			);
			name = Frameworks;
			sourceTree = "<group>";
		};
		A8E47DFF19C9683F00F00D4A /* Transactions */ = {
			isa = PBXGroup;
			children = (
				A8E47E0819C9683F00F00D4A /* AppDelegate.h */,
				A8E47E0919C9683F00F00D4A /* AppDelegate.m */,
				A8E47E3119C96A8E00F00D4A /* transactionsViewController.h */,
				A8E47E3219C96A8E00F00D4A /* transactionsViewController.m */,
				A8E47E3419C96C5900F00D4A /* addTransactionViewController.h */,
				A8E47E3519C96C5900F00D4A /* addTransactionViewController.m */,
				A8E47E0B19C9683F00F00D4A /* Main_iPhone.storyboard */,
				A8E47E0E19C9683F00F00D4A /* Main_iPad.storyboard */,
				A8E47E1419C9683F00F00D4A /* Images.xcassets */,
				A8E47E0019C9683F00F00D4A /* Supporting Files */,
			);
			path = Transactions;
			sourceTree = "<group>";
		};
		A8E47E0019C9683F00F00D4A /* Supporting Files */ = {
			isa = PBXGroup;
			children = (
				A8E47E0119C9683F00F00D4A /* Transactions-Info.plist */,
				A8E47E0219C9683F00F00D4A /* InfoPlist.strings */,
				A8E47E0519C9683F00F00D4A /* main.m */,
				A8E47E0719C9683F00F00D4A /* Transactions-Prefix.pch */,
			);
			name = "Supporting Files";
			sourceTree = "<group>";
		};
		A8E47E2119C9683F00F00D4A /* TransactionsTests */ = {
			isa = PBXGroup;
			children = (
				A8E47E2719C9683F00F00D4A /* TransactionsTests.m */,
				A8E47E2219C9683F00F00D4A /* Supporting Files */,
			);
			path = TransactionsTests;
			sourceTree = "<group>";
		};
		A8E47E2219C9683F00F00D4A /* Supporting Files */ = {
			isa = PBXGroup;
			children = (
				A8E47E2319C9683F00F00D4A /* TransactionsTests-Info.plist */,
				A8E47E2419C9683F00F00D4A /* InfoPlist.strings */,
			);
			name = "Supporting Files";
			sourceTree = "<group>";
		};
/* End PBXGroup section */

/* Begin PBXNativeTarget section */
		A8E47DF519C9683F00F00D4A /* Transactions */ = {
			isa = PBXNativeTarget;
			buildConfigurationList = A8E47E2B19C9683F00F00D4A /* Build configuration list for PBXNativeTarget "Transactions" */;
			buildPhases = (
				A8E47DF219C9683F00F00D4A /* Sources */,
				A8E47DF319C9683F00F00D4A /* Frameworks */,
				A8E47DF419C9683F00F00D4A /* Resources */,
			);
			buildRules = (
			);
			dependencies = (
			);
			name = Transactions;
			productName = Transactions;
			productReference = A8E47DF619C9683F00F00D4A /* Transactions.app */;
			productType = "com.apple.product-type.application";
		};
		A8E47E1919C9683F00F00D4A /* TransactionsTests */ = {
			isa = PBXNativeTarget;
			buildConfigurationList = A8E47E2E19C9683F00F00D4A /* Build configuration list for PBXNativeTarget "TransactionsTests" */;
			buildPhases = (
				A8E47E1619C9683F00F00D4A /* Sources */,
				A8E47E1719C9683F00F00D4A /* Frameworks */,
				A8E47E1819C9683F00F00D4A /* Resources */,
			);
			buildRules = (
			);
			dependencies = (
				A8E47E2019C9683F00F00D4A /* PBXTargetDependency */,
			);
			name = TransactionsTests;
			productName = TransactionsTests;
			productReference = A8E47E1A19C9683F00F00D4A /* TransactionsTests.xctest */;
			productType = "com.apple.product-type.bundle.unit-test";
		};
/* End PBXNativeTarget section */

/* Begin PBXProject section */
		A8E47DEE19C9683F00F00D4A /* Project object */ = {
			isa = PBXProject;
			attributes = {
				LastUpgradeCheck = 0510;
				ORGANIZATIONNAME = Paradigmcreatives;
				TargetAttributes = {
					A8E47E1919C9683F00F00D4A = {
						TestTargetID = A8E47DF519C9683F00F00D4A;
					};
				};
			};
			buildConfigurationList = A8E47DF119C9683F00F00D4A /* Build configuration list for PBXProject "Transactions" */;
			compatibilityVersion = "Xcode 3.2";
			developmentRegion = English;
			hasScannedForEncodings = 0;
			knownRegions = (
				en,
				Base,
			);
			mainGroup = A8E47DED19C9683F00F00D4A;
			productRefGroup = A8E47DF719C9683F00F00D4A /* Products */;
			projectDirPath = "";
			projectRoot = "";
			targets = (
				A8E47DF519C9683F00F00D4A /* Transactions */,
				A8E47E1919C9683F00F00D4A /* TransactionsTests */,
			);
		};
/* End PBXProject section */

/* Begin PBXResourcesBuildPhase section */
		A8E47DF419C9683F00F00D4A /* Resources */ = {
			isa = PBXResourcesBuildPhase;
			buildActionMask = 2147483647;
			files = (
				A8E47E1019C9683F00F00D4A /* Main_iPad.storyboard in Resources */,
				A8E47E1519C9683F00F00D4A /* Images.xcassets in Resources */,
				A8E47E0D19C9683F00F00D4A /* Main_iPhone.storyboard in Resources */,
				A8E47E0419C9683F00F00D4A /* InfoPlist.strings in Resources */,
			);
			runOnlyForDeploymentPostprocessing = 0;
		};
		A8E47E1819C9683F00F00D4A /* Resources */ = {
			isa = PBXResourcesBuildPhase;
			buildActionMask = 2147483647;
			files = (
				A8E47E2619C9683F00F00D4A /* InfoPlist.strings in Resources */,
			);
			runOnlyForDeploymentPostprocessing = 0;
		};
/* End PBXResourcesBuildPhase section */

/* Begin PBXSourcesBuildPhase section */
		A8E47DF219C9683F00F00D4A /* Sources */ = {
			isa = PBXSourcesBuildPhase;
			buildActionMask = 2147483647;
			files = (
				A8E47E0A19C9683F00F00D4A /* AppDelegate.m in Sources */,
				A8E47E0619C9683F00F00D4A /* main.m in Sources */,
				A8E47E3319C96A8E00F00D4A /* transactionsViewController.m in Sources */,
				A8E47E3619C96C5900F00D4A /* addTransactionViewController.m in Sources */,
			);
			runOnlyForDeploymentPostprocessing = 0;
		};
		A8E47E1619C9683F00F00D4A /* Sources */ = {
			isa = PBXSourcesBuildPhase;
			buildActionMask = 2147483647;
			files = (
				A8E47E2819C9683F00F00D4A /* TransactionsTests.m in Sources */,
			);
			runOnlyForDeploymentPostprocessing = 0;
		};
/* End PBXSourcesBuildPhase section */

/* Begin PBXTargetDependency section */
		A8E47E2019C9683F00F00D4A /* PBXTargetDependency */ = {
			isa = PBXTargetDependency;
			target = A8E47DF519C9683F00F00D4A /* Transactions */;
			targetProxy = A8E47E1F19C9683F00F00D4A /* PBXContainerItemProxy */;
		};
/* End PBXTargetDependency section */

/* Begin PBXVariantGroup section */
		A8E47E0219C9683F00F00D4A /* InfoPlist.strings */ = {
			isa = PBXVariantGroup;
			children = (
				A8E47E0319C9683F00F00D4A /* en */,
			);
			name = InfoPlist.strings;
			sourceTree = "<group>";
		};
		A8E47E0B19C9683F00F00D4A /* Main_iPhone.storyboard */ = {
			isa = PBXVariantGroup;
			children = (
				A8E47E0C19C9683F00F00D4A /* Base */,
			);
			name = Main_iPhone.storyboard;
			sourceTree = "<group>";
		};
		A8E47E0E19C9683F00F00D4A /* Main_iPad.storyboard */ = {
			isa = PBXVariantGroup;
			children = (
				A8E47E0F19C9683F00F00D4A /* Base */,
			);
			name = Main_iPad.storyboard;
			sourceTree = "<group>";
		};
		A8E47E2419C9683F00F00D4A /* InfoPlist.strings */ = {
			isa = PBXVariantGroup;
			children = (
				A8E47E2519C9683F00F00D4A /* en */,
			);
			name = InfoPlist.strings;
			sourceTree = "<group>";
		};
/* End PBXVariantGroup section */

/* Begin XCBuildConfiguration section */
		A8E47E2919C9683F00F00D4A /* Debug */ = {
			isa = XCBuildConfiguration;
			buildSettings = {
				ALWAYS_SEARCH_USER_PATHS = NO;
				CLANG_CXX_LANGUAGE_STANDARD = "gnu++0x";
				CLANG_CXX_LIBRARY = "libc++";
				CLANG_ENABLE_MODULES = YES;
				CLANG_ENABLE_OBJC_ARC = YES;
				CLANG_WARN_BOOL_CONVERSION = YES;
				CLANG_WARN_CONSTANT_CONVERSION = YES;
				CLANG_WARN_DIRECT_OBJC_ISA_USAGE = YES_ERROR;
				CLANG_WARN_EMPTY_BODY = YES;
				CLANG_WARN_ENUM_CONVERSION = YES;
				CLANG_WARN_INT_CONVERSION = YES;
				CLANG_WARN_OBJC_ROOT_CLASS = YES_ERROR;
				CLANG_WARN__DUPLICATE_METHOD_MATCH = YES;
				"CODE_SIGN_IDENTITY[sdk=iphoneos*]" = "iPhone Developer";
				COPY_PHASE_STRIP = NO;
				GCC_C_LANGUAGE_STANDARD = gnu99;
				GCC_DYNAMIC_NO_PIC = NO;
				GCC_OPTIMIZATION_LEVEL = 0;
				GCC_PREPROCESSOR_DEFINITIONS = (
					"DEBUG=1",
					"$(inherited)",
				);
				GCC_SYMBOLS_PRIVATE_EXTERN = NO;
				GCC_WARN_64_TO_32_BIT_CONVERSION = YES;
				GCC_WARN_ABOUT_RETURN_TYPE = YES_ERROR;
				GCC_WARN_UNDECLARED_SELECTOR = YES;
				GCC_WARN_UNINITIALIZED_AUTOS = YES_AGGRESSIVE;
				GCC_WARN_UNUSED_FUNCTION = YES;
				GCC_WARN_UNUSED_VARIABLE = YES;
				IPHONEOS_DEPLOYMENT_TARGET = 7.1;
				ONLY_ACTIVE_ARCH = YES;
				SDKROOT = iphoneos;
				TARGETED_DEVICE_FAMILY = "1,2";
			};
			name = Debug;
		};
		A8E47E2A19C9683F00F00D4A /* Release */ = {
			isa = XCBuildConfiguration;
			buildSettings = {
				ALWAYS_SEARCH_USER_PATHS = NO;
				CLANG_CXX_LANGUAGE_STANDARD = "gnu++0x";
				CLANG_CXX_LIBRARY = "libc++";
				CLANG_ENABLE_MODULES = YES;
				CLANG_ENABLE_OBJC_ARC = YES;
				CLANG_WARN_BOOL_CONVERSION = YES;
				CLANG_WARN_CONSTANT_CONVERSION = YES;
				CLANG_WARN_DIRECT_OBJC_ISA_USAGE = YES_ERROR;
				CLANG_WARN_EMPTY_BODY = YES;
				CLANG_WARN_ENUM_CONVERSION = YES;
				CLANG_WARN_INT_CONVERSION = YES;
				CLANG_WARN_OBJC_ROOT_CLASS = YES_ERROR;
				CLANG_WARN__DUPLICATE_METHOD_MATCH = YES;
				"CODE_SIGN_IDENTITY[sdk=iphoneos*]" = "iPhone Developer";
				COPY_PHASE_STRIP = YES;
				ENABLE_NS_ASSERTIONS = NO;
				GCC_C_LANGUAGE_STANDARD = gnu99;
				GCC_WARN_64_TO_32_BIT_CONVERSION = YES;
				GCC_WARN_ABOUT_RETURN_TYPE = YES_ERROR;
				GCC_WARN_UNDECLARED_SELECTOR = YES;
				GCC_WARN_UNINITIALIZED_AUTOS = YES_AGGRESSIVE;
				GCC_WARN_UNUSED_FUNCTION = YES;
				GCC_WARN_UNUSED_VARIABLE = YES;
				IPHONEOS_DEPLOYMENT_TARGET = 7.1;
				SDKROOT = iphoneos;
				TARGETED_DEVICE_FAMILY = "1,2";
				VALIDATE_PRODUCT = YES;
			};
			name = Release;
		};
		A8E47E2C19C9683F00F00D4A /* Debug */ = {
			isa = XCBuildConfiguration;
			buildSettings = {
				ASSETCATALOG_COMPILER_APPICON_NAME = AppIcon;
				ASSETCATALOG_COMPILER_LAUNCHIMAGE_NAME = LaunchImage;
				GCC_PRECOMPILE_PREFIX_HEADER = YES;
				GCC_PREFIX_HEADER = "Transactions/Transactions-Prefix.pch";
				INFOPLIST_FILE = "Transactions/Transactions-Info.plist";
				PRODUCT_NAME = "$(TARGET_NAME)";
				WRAPPER_EXTENSION = app;
			};
			name = Debug;
		};
		A8E47E2D19C9683F00F00D4A /* Release */ = {
			isa = XCBuildConfiguration;
			buildSettings = {
				ASSETCATALOG_COMPILER_APPICON_NAME = AppIcon;
				ASSETCATALOG_COMPILER_LAUNCHIMAGE_NAME = LaunchImage;
				GCC_PRECOMPILE_PREFIX_HEADER = YES;
				GCC_PREFIX_HEADER = "Transactions/Transactions-Prefix.pch";
				INFOPLIST_FILE = "Transactions/Transactions-Info.plist";
				PRODUCT_NAME = "$(TARGET_NAME)";
				WRAPPER_EXTENSION = app;
			};
			name = Release;
		};
		A8E47E2F19C9683F00F00D4A /* Debug */ = {
			isa = XCBuildConfiguration;
			buildSettings = {
				BUNDLE_LOADER = "$(BUILT_PRODUCTS_DIR)/Transactions.app/Transactions";
				FRAMEWORK_SEARCH_PATHS = (
					"$(SDKROOT)/Developer/Library/Frameworks",
					"$(inherited)",
					"$(DEVELOPER_FRAMEWORKS_DIR)",
				);
				GCC_PRECOMPILE_PREFIX_HEADER = YES;
				GCC_PREFIX_HEADER = "Transactions/Transactions-Prefix.pch";
				GCC_PREPROCESSOR_DEFINITIONS = (
					"DEBUG=1",
					"$(inherited)",
				);
				INFOPLIST_FILE = "TransactionsTests/TransactionsTests-Info.plist";
				PRODUCT_NAME = "$(TARGET_NAME)";
				TEST_HOST = "$(BUNDLE_LOADER)";
				WRAPPER_EXTENSION = xctest;
			};
			name = Debug;
		};
		A8E47E3019C9683F00F00D4A /* Release */ = {
			isa = XCBuildConfiguration;
			buildSettings = {
				BUNDLE_LOADER = "$(BUILT_PRODUCTS_DIR)/Transactions.app/Transactions";
				FRAMEWORK_SEARCH_PATHS = (
					"$(SDKROOT)/Developer/Library/Frameworks",
					"$(inherited)",
					"$(DEVELOPER_FRAMEWORKS_DIR)",
				);
				GCC_PRECOMPILE_PREFIX_HEADER = YES;
				GCC_PREFIX_HEADER = "Transactions/Transactions-Prefix.pch";
				INFOPLIST_FILE = "TransactionsTests/TransactionsTests-Info.plist";
				PRODUCT_NAME = "$(TARGET_NAME)";
				TEST_HOST = "$(BUNDLE_LOADER)";
				WRAPPER_EXTENSION = xctest;
			};
			name = Release;
		};
/* End XCBuildConfiguration section */

/* Begin XCConfigurationList section */
		A8E47DF119C9683F00F00D4A /* Build configuration list for PBXProject "Transactions" */ = {
			isa = XCConfigurationList;
			buildConfigurations = (
				A8E47E2919C9683F00F00D4A /* Debug */,
				A8E47E2A19C9683F00F00D4A /* Release */,
			);
			defaultConfigurationIsVisible = 0;
			defaultConfigurationName = Release;
		};
		A8E47E2B19C9683F00F00D4A /* Build configuration list for PBXNativeTarget "Transactions" */ = {
			isa = XCConfigurationList;
			buildConfigurations = (
				A8E47E2C19C9683F00F00D4A /* Debug */,
				A8E47E2D19C9683F00F00D4A /* Release */,
			);
			defaultConfigurationIsVisible = 0;
		};
		A8E47E2E19C9683F00F00D4A /* Build configuration list for PBXNativeTarget "TransactionsTests" */ = {
			isa = XCConfigurationList;
			buildConfigurations = (
				A8E47E2F19C9683F00F00D4A /* Debug */,
				A8E47E3019C9683F00F00D4A /* Release */,
			);
			defaultConfigurationIsVisible = 0;
		};
/* End XCConfigurationList section */
	};
	rootObject = A8E47DEE19C9683F00F00D4A /* Project object */;
}
